
Microsoft Visual Studio Solution File, Format Version 12.00
# Visual Studio Version 16
VisualStudioVersion = 16.0.31911.196
MinimumVisualStudioVersion = 10.0.40219.1
Project("{FAE04EC0-301F-11D3-BF4B-00C04F79EFBC}") = "Practical_EAP", "Practical_EAP\Practical_EAP.csproj", "{A42D73C8-BC2A-49E4-BA27-384C5FFA3FAB}"
EndProject
Global
	GlobalSection(SolutionConfigurationPlatforms) = preSolution
		Debug|Any CPU = Debug|Any CPU
		Release|Any CPU = Release|Any CPU
	EndGlobalSection
	GlobalSection(ProjectConfigurationPlatforms) = postSolution
		{A42D73C8-BC2A-49E4-BA27-384C5FFA3FAB}.Debug|Any CPU.ActiveCfg = Debug|Any CPU
		{A42D73C8-BC2A-49E4-BA27-384C5FFA3FAB}.Debug|Any CPU.Build.0 = Debug|Any CPU
		{A42D73C8-BC2A-49E4-BA27-384C5FFA3FAB}.Release|Any CPU.ActiveCfg = Release|Any CPU
		{A42D73C8-BC2A-49E4-BA27-384C5FFA3FAB}.Release|Any CPU.Build.0 = Release|Any CPU
	EndGlobalSection
	GlobalSection(SolutionProperties) = preSolution
		HideSolutionNode = FALSE
	EndGlobalSection
	GlobalSection(ExtensibilityGlobals) = postSolution
		SolutionGuid = {50C72A96-14ED-4154-836F-26CC8B73A972}
	EndGlobalSection
EndGlobal
